
Microsoft Visual Studio Solution File, Format Version 12.00
# Visual Studio Version 17
VisualStudioVersion = 17.9.34714.143
MinimumVisualStudioVersion = 10.0.40219.1
Project("{8BC9CEB8-8B4A-11D0-8D11-00A0C91BC942}") = "Lista de Contatos", "Lista de Contatos\Lista de Contatos.vcxproj", "{02C7C8C1-2978-44FE-B19A-BE6D5D4A2C07}"
EndProject
Global
	GlobalSection(SolutionConfigurationPlatforms) = preSolution
		Debug|x64 = Debug|x64
		Debug|x86 = Debug|x86
		Release|x64 = Release|x64
		Release|x86 = Release|x86
	EndGlobalSection
	GlobalSection(ProjectConfigurationPlatforms) = postSolution
		{02C7C8C1-2978-44FE-B19A-BE6D5D4A2C07}.Debug|x64.ActiveCfg = Debug|x64
		{02C7C8C1-2978-44FE-B19A-BE6D5D4A2C07}.Debug|x64.Build.0 = Debug|x64
		{02C7C8C1-2978-44FE-B19A-BE6D5D4A2C07}.Debug|x86.ActiveCfg = Debug|Win32
		{02C7C8C1-2978-44FE-B19A-BE6D5D4A2C07}.Debug|x86.Build.0 = Debug|Win32
		{02C7C8C1-2978-44FE-B19A-BE6D5D4A2C07}.Release|x64.ActiveCfg = Release|x64
		{02C7C8C1-2978-44FE-B19A-BE6D5D4A2C07}.Release|x64.Build.0 = Release|x64
		{02C7C8C1-2978-44FE-B19A-BE6D5D4A2C07}.Release|x86.ActiveCfg = Release|Win32
		{02C7C8C1-2978-44FE-B19A-BE6D5D4A2C07}.Release|x86.Build.0 = Release|Win32
	EndGlobalSection
	GlobalSection(SolutionProperties) = preSolution
		HideSolutionNode = FALSE
	EndGlobalSection
	GlobalSection(ExtensibilityGlobals) = postSolution
		SolutionGuid = {130A8EEB-D0FB-4FE4-A6DB-F34E6B9087C6}
	EndGlobalSection
EndGlobal
